
Microsoft Visual Studio Solution File, Format Version 12.00
Project("{2150E333-8FDC-42A3-9474-1A3956D46DE8}") = "src", "src", "{5BBE8462-5ABE-4C8E-BB05-B291FEF81339}"
EndProject
Project("{2150E333-8FDC-42A3-9474-1A3956D46DE8}") = "test", "test", "{669F9328-1447-47EA-AF75-5982B83C6728}"
EndProject
Project("{2150E333-8FDC-42A3-9474-1A3956D46DE8}") = "UI", "UI", "{29FD50D5-E1C5-443B-B63E-E36994DEB037}"
EndProject
Project("{2150E333-8FDC-42A3-9474-1A3956D46DE8}") = "Core", "Core", "{D938BC31-5439-4477-9CB2-1403695043FC}"
EndProject
Project("{2150E333-8FDC-42A3-9474-1A3956D46DE8}") = "Infrastructure", "Infrastructure", "{9811AFA9-5AA7-4961-A206-E5B9F57E7A19}"
EndProject
Project("{2150E333-8FDC-42A3-9474-1A3956D46DE8}") = "API", "API", "{246828B4-99F2-4B82-82DE-37E44DCDDF66}"
EndProject
Project("{FAE04EC0-301F-11D3-BF4B-00C04F79EFBC}") = "HR.LeaveManagement.Domain", "HR.LeaveManagement.Domain\HR.LeaveManagement.Domain.csproj", "{B353B6C9-F667-4E99-95C5-908AB9CF1B03}"
EndProject
Global
	GlobalSection(SolutionConfigurationPlatforms) = preSolution
		Debug|Any CPU = Debug|Any CPU
		Release|Any CPU = Release|Any CPU
	EndGlobalSection
	GlobalSection(NestedProjects) = preSolution
		{29FD50D5-E1C5-443B-B63E-E36994DEB037} = {5BBE8462-5ABE-4C8E-BB05-B291FEF81339}
		{D938BC31-5439-4477-9CB2-1403695043FC} = {5BBE8462-5ABE-4C8E-BB05-B291FEF81339}
		{9811AFA9-5AA7-4961-A206-E5B9F57E7A19} = {5BBE8462-5ABE-4C8E-BB05-B291FEF81339}
		{246828B4-99F2-4B82-82DE-37E44DCDDF66} = {5BBE8462-5ABE-4C8E-BB05-B291FEF81339}
		{B353B6C9-F667-4E99-95C5-908AB9CF1B03} = {D938BC31-5439-4477-9CB2-1403695043FC}
	EndGlobalSection
	GlobalSection(ProjectConfigurationPlatforms) = postSolution
		{B353B6C9-F667-4E99-95C5-908AB9CF1B03}.Debug|Any CPU.ActiveCfg = Debug|Any CPU
		{B353B6C9-F667-4E99-95C5-908AB9CF1B03}.Debug|Any CPU.Build.0 = Debug|Any CPU
		{B353B6C9-F667-4E99-95C5-908AB9CF1B03}.Release|Any CPU.ActiveCfg = Release|Any CPU
		{B353B6C9-F667-4E99-95C5-908AB9CF1B03}.Release|Any CPU.Build.0 = Release|Any CPU
	EndGlobalSection
EndGlobal
